<?xml version="1.0" encoding="utf-8"?>
<Project ToolsVersion="4.0" xmlns="http://schemas.microsoft.com/developer/msbuild/2003">
  <ItemGroup>
    <ClCompile Include="src\libcql\internal\cql_client_pool_impl.cpp">
      <Filter>Source Files</Filter>
    </ClCompile>
    <ClCompile Include="src\libcql\internal\cql_header_impl.cpp">
      <Filter>Source Files</Filter>
    </ClCompile>
    <ClCompile Include="src\libcql\internal\cql_list_impl.cpp">
      <Filter>Source Files</Filter>
    </ClCompile>
    <ClCompile Include="src\libcql\internal\cql_map_impl.cpp">
      <Filter>Source Files</Filter>
    </ClCompile>
    <ClCompile Include="src\libcql\internal\cql_message_credentials_impl.cpp">
      <Filter>Source Files</Filter>
    </ClCompile>
    <ClCompile Include="src\libcql\internal\cql_message_error_impl.cpp">
      <Filter>Source Files</Filter>
    </ClCompile>
    <ClCompile Include="src\libcql\internal\cql_message_event_impl.cpp">
      <Filter>Source Files</Filter>
    </ClCompile>
    <ClCompile Include="src\libcql\internal\cql_message_execute_impl.cpp">
      <Filter>Source Files</Filter>
    </ClCompile>
    <ClCompile Include="src\libcql\internal\cql_message_options_impl.cpp">
      <Filter>Source Files</Filter>
    </ClCompile>
    <ClCompile Include="src\libcql\internal\cql_message_prepare_impl.cpp">
      <Filter>Source Files</Filter>
    </ClCompile>
    <ClCompile Include="src\libcql\internal\cql_message_query_impl.cpp">
      <Filter>Source Files</Filter>
    </ClCompile>
    <ClCompile Include="src\libcql\internal\cql_message_ready_impl.cpp">
      <Filter>Source Files</Filter>
    </ClCompile>
    <ClCompile Include="src\libcql\internal\cql_message_register_impl.cpp">
      <Filter>Source Files</Filter>
    </ClCompile>
    <ClCompile Include="src\libcql\internal\cql_message_result_impl.cpp">
      <Filter>Source Files</Filter>
    </ClCompile>
    <ClCompile Include="src\libcql\internal\cql_message_startup_impl.cpp">
      <Filter>Source Files</Filter>
    </ClCompile>
    <ClCompile Include="src\libcql\internal\cql_message_supported_impl.cpp">
      <Filter>Source Files</Filter>
    </ClCompile>
    <ClCompile Include="src\libcql\internal\cql_result_metadata.cpp">
      <Filter>Source Files</Filter>
    </ClCompile>
    <ClCompile Include="src\libcql\internal\cql_set_impl.cpp">
      <Filter>Source Files</Filter>
    </ClCompile>
    <ClCompile Include="src\libcql\internal\cql_socket.cpp">
      <Filter>Source Files</Filter>
    </ClCompile>
    <ClCompile Include="src\libcql\internal\cql_socket_ssl.cpp">
      <Filter>Source Files</Filter>
    </ClCompile>
    <ClCompile Include="src\libcql\cql_client_factory.cpp">
      <Filter>Source Files</Filter>
    </ClCompile>
    <ClCompile Include="src\libcql\cql_client_pool_factory.cpp">
      <Filter>Source Files</Filter>
    </ClCompile>
    <ClCompile Include="src\libcql\cql_execute.cpp">
      <Filter>Source Files</Filter>
    </ClCompile>
    <ClCompile Include="src\libcql\cql_serialization.cpp">
      <Filter>Source Files</Filter>
    </ClCompile>
  </ItemGroup>
  <ItemGroup>
    <CustomBuild Include="CMakeLists.txt" />
  </ItemGroup>
  <ItemGroup>
    <Filter Include="Source Files">
      <UniqueIdentifier>{F44DF77F-1C4E-41E7-AC41-C5D0407C2B80}</UniqueIdentifier>
    </Filter>
  </ItemGroup>
</Project>
