Microsoft Visual Studio Solution File, Format Version 12.00
# Visual Studio 2012
Project("{8BC9CEB8-8B4A-11D0-8D11-00A0C91BC942}") = "ALL_BUILD", "ALL_BUILD.vcxproj", "{20D06174-8C95-42F5-B0F1-24D3956617D5}"
	ProjectSection(ProjectDependencies) = postProject
		{2D2C0B30-4636-4425-B9D7-089FCA840B33} = {2D2C0B30-4636-4425-B9D7-089FCA840B33}
		{EA228BE8-7079-4DC6-B7C7-33406999D33B} = {EA228BE8-7079-4DC6-B7C7-33406999D33B}
		{60D23841-A227-4432-BC18-661B461DBCC0} = {60D23841-A227-4432-BC18-661B461DBCC0}
		{1A3DC877-6E8F-420E-B01C-29B996DD0C5B} = {1A3DC877-6E8F-420E-B01C-29B996DD0C5B}
	EndProjectSection
EndProject
Project("{8BC9CEB8-8B4A-11D0-8D11-00A0C91BC942}") = "AppDependencies", "AppDependencies.vcxproj", "{2D2C0B30-4636-4425-B9D7-089FCA840B33}"
	ProjectSection(ProjectDependencies) = postProject
		{EA228BE8-7079-4DC6-B7C7-33406999D33B} = {EA228BE8-7079-4DC6-B7C7-33406999D33B}
	EndProjectSection
EndProject
Project("{8BC9CEB8-8B4A-11D0-8D11-00A0C91BC942}") = "INSTALL", "INSTALL.vcxproj", "{A1C381FA-E760-4F87-B36C-8EAF0AB88180}"
	ProjectSection(ProjectDependencies) = postProject
		{20D06174-8C95-42F5-B0F1-24D3956617D5} = {20D06174-8C95-42F5-B0F1-24D3956617D5}
	EndProjectSection
EndProject
Project("{8BC9CEB8-8B4A-11D0-8D11-00A0C91BC942}") = "RUN_TESTS", "RUN_TESTS.vcxproj", "{D4DFE8E2-FDE5-4B7C-AD25-97BC2FC1E1C6}"
EndProject
Project("{8BC9CEB8-8B4A-11D0-8D11-00A0C91BC942}") = "ZERO_CHECK", "ZERO_CHECK.vcxproj", "{EA228BE8-7079-4DC6-B7C7-33406999D33B}"
EndProject
Project("{8BC9CEB8-8B4A-11D0-8D11-00A0C91BC942}") = "cql", "cql.vcxproj", "{60D23841-A227-4432-BC18-661B461DBCC0}"
	ProjectSection(ProjectDependencies) = postProject
		{EA228BE8-7079-4DC6-B7C7-33406999D33B} = {EA228BE8-7079-4DC6-B7C7-33406999D33B}
	EndProjectSection
EndProject
Project("{8BC9CEB8-8B4A-11D0-8D11-00A0C91BC942}") = "cql-static", "cql-static.vcxproj", "{1A3DC877-6E8F-420E-B01C-29B996DD0C5B}"
	ProjectSection(ProjectDependencies) = postProject
		{EA228BE8-7079-4DC6-B7C7-33406999D33B} = {EA228BE8-7079-4DC6-B7C7-33406999D33B}
	EndProjectSection
EndProject
Project("{8BC9CEB8-8B4A-11D0-8D11-00A0C91BC942}") = "cql_test", "test\unit_tests\cql_test.vcxproj", "{C30DF879-741A-43D7-8C71-2335B5795301}"
	ProjectSection(ProjectDependencies) = postProject
		{EA228BE8-7079-4DC6-B7C7-33406999D33B} = {EA228BE8-7079-4DC6-B7C7-33406999D33B}
		{60D23841-A227-4432-BC18-661B461DBCC0} = {60D23841-A227-4432-BC18-661B461DBCC0}
	EndProjectSection
EndProject
Project("{8BC9CEB8-8B4A-11D0-8D11-00A0C91BC942}") = "uninstall", "uninstall.vcxproj", "{B1642D28-128A-4A12-BFB0-9643E733956F}"
	ProjectSection(ProjectDependencies) = postProject
		{EA228BE8-7079-4DC6-B7C7-33406999D33B} = {EA228BE8-7079-4DC6-B7C7-33406999D33B}
	EndProjectSection
EndProject
Project("{8BC9CEB8-8B4A-11D0-8D11-00A0C91BC942}") = "UnitTest1", "..\UnitTest1\UnitTest1.vcxproj", "{243E7756-F8B1-4E0F-B692-6810C524A64A}"
EndProject
Project("{8BC9CEB8-8B4A-11D0-8D11-00A0C91BC942}") = "demo", "demo\demo.vcxproj", "{1D220F18-7F0E-4B45-A0F0-929B4B10A371}"
EndProject
Project("{8BC9CEB8-8B4A-11D0-8D11-00A0C91BC942}") = "ConsoleApplication1", "ConsoleApplication1\ConsoleApplication1.vcxproj", "{F5E25DBF-C710-446B-8EDE-D5F1D434BCBB}"
EndProject
Global
	GlobalSection(SolutionConfigurationPlatforms) = preSolution
		Debug|Win32 = Debug|Win32
		MinSizeRel|Win32 = MinSizeRel|Win32
		Release|Win32 = Release|Win32
		RelWithDebInfo|Win32 = RelWithDebInfo|Win32
	EndGlobalSection
	GlobalSection(ProjectConfigurationPlatforms) = postSolution
		{20D06174-8C95-42F5-B0F1-24D3956617D5}.Debug|Win32.ActiveCfg = Debug|Win32
		{20D06174-8C95-42F5-B0F1-24D3956617D5}.MinSizeRel|Win32.ActiveCfg = MinSizeRel|Win32
		{20D06174-8C95-42F5-B0F1-24D3956617D5}.MinSizeRel|Win32.Build.0 = MinSizeRel|Win32
		{20D06174-8C95-42F5-B0F1-24D3956617D5}.Release|Win32.ActiveCfg = Release|Win32
		{20D06174-8C95-42F5-B0F1-24D3956617D5}.Release|Win32.Build.0 = Release|Win32
		{20D06174-8C95-42F5-B0F1-24D3956617D5}.RelWithDebInfo|Win32.ActiveCfg = RelWithDebInfo|Win32
		{20D06174-8C95-42F5-B0F1-24D3956617D5}.RelWithDebInfo|Win32.Build.0 = RelWithDebInfo|Win32
		{2D2C0B30-4636-4425-B9D7-089FCA840B33}.Debug|Win32.ActiveCfg = Debug|Win32
		{2D2C0B30-4636-4425-B9D7-089FCA840B33}.Debug|Win32.Build.0 = Debug|Win32
		{2D2C0B30-4636-4425-B9D7-089FCA840B33}.MinSizeRel|Win32.ActiveCfg = MinSizeRel|Win32
		{2D2C0B30-4636-4425-B9D7-089FCA840B33}.MinSizeRel|Win32.Build.0 = MinSizeRel|Win32
		{2D2C0B30-4636-4425-B9D7-089FCA840B33}.Release|Win32.ActiveCfg = Release|Win32
		{2D2C0B30-4636-4425-B9D7-089FCA840B33}.Release|Win32.Build.0 = Release|Win32
		{2D2C0B30-4636-4425-B9D7-089FCA840B33}.RelWithDebInfo|Win32.ActiveCfg = RelWithDebInfo|Win32
		{2D2C0B30-4636-4425-B9D7-089FCA840B33}.RelWithDebInfo|Win32.Build.0 = RelWithDebInfo|Win32
		{A1C381FA-E760-4F87-B36C-8EAF0AB88180}.Debug|Win32.ActiveCfg = Debug|Win32
		{A1C381FA-E760-4F87-B36C-8EAF0AB88180}.MinSizeRel|Win32.ActiveCfg = MinSizeRel|Win32
		{A1C381FA-E760-4F87-B36C-8EAF0AB88180}.Release|Win32.ActiveCfg = Release|Win32
		{A1C381FA-E760-4F87-B36C-8EAF0AB88180}.RelWithDebInfo|Win32.ActiveCfg = RelWithDebInfo|Win32
		{D4DFE8E2-FDE5-4B7C-AD25-97BC2FC1E1C6}.Debug|Win32.ActiveCfg = Debug|Win32
		{D4DFE8E2-FDE5-4B7C-AD25-97BC2FC1E1C6}.MinSizeRel|Win32.ActiveCfg = MinSizeRel|Win32
		{D4DFE8E2-FDE5-4B7C-AD25-97BC2FC1E1C6}.Release|Win32.ActiveCfg = Release|Win32
		{D4DFE8E2-FDE5-4B7C-AD25-97BC2FC1E1C6}.RelWithDebInfo|Win32.ActiveCfg = RelWithDebInfo|Win32
		{EA228BE8-7079-4DC6-B7C7-33406999D33B}.Debug|Win32.ActiveCfg = Debug|Win32
		{EA228BE8-7079-4DC6-B7C7-33406999D33B}.MinSizeRel|Win32.ActiveCfg = MinSizeRel|Win32
		{EA228BE8-7079-4DC6-B7C7-33406999D33B}.MinSizeRel|Win32.Build.0 = MinSizeRel|Win32
		{EA228BE8-7079-4DC6-B7C7-33406999D33B}.Release|Win32.ActiveCfg = Release|Win32
		{EA228BE8-7079-4DC6-B7C7-33406999D33B}.Release|Win32.Build.0 = Release|Win32
		{EA228BE8-7079-4DC6-B7C7-33406999D33B}.RelWithDebInfo|Win32.ActiveCfg = RelWithDebInfo|Win32
		{EA228BE8-7079-4DC6-B7C7-33406999D33B}.RelWithDebInfo|Win32.Build.0 = RelWithDebInfo|Win32
		{60D23841-A227-4432-BC18-661B461DBCC0}.Debug|Win32.ActiveCfg = Debug|Win32
		{60D23841-A227-4432-BC18-661B461DBCC0}.Debug|Win32.Build.0 = Debug|Win32
		{60D23841-A227-4432-BC18-661B461DBCC0}.MinSizeRel|Win32.ActiveCfg = MinSizeRel|Win32
		{60D23841-A227-4432-BC18-661B461DBCC0}.MinSizeRel|Win32.Build.0 = MinSizeRel|Win32
		{60D23841-A227-4432-BC18-661B461DBCC0}.Release|Win32.ActiveCfg = Release|Win32
		{60D23841-A227-4432-BC18-661B461DBCC0}.Release|Win32.Build.0 = Release|Win32
		{60D23841-A227-4432-BC18-661B461DBCC0}.RelWithDebInfo|Win32.ActiveCfg = RelWithDebInfo|Win32
		{60D23841-A227-4432-BC18-661B461DBCC0}.RelWithDebInfo|Win32.Build.0 = RelWithDebInfo|Win32
		{1A3DC877-6E8F-420E-B01C-29B996DD0C5B}.Debug|Win32.ActiveCfg = Debug|Win32
		{1A3DC877-6E8F-420E-B01C-29B996DD0C5B}.Debug|Win32.Build.0 = Debug|Win32
		{1A3DC877-6E8F-420E-B01C-29B996DD0C5B}.MinSizeRel|Win32.ActiveCfg = MinSizeRel|Win32
		{1A3DC877-6E8F-420E-B01C-29B996DD0C5B}.MinSizeRel|Win32.Build.0 = MinSizeRel|Win32
		{1A3DC877-6E8F-420E-B01C-29B996DD0C5B}.Release|Win32.ActiveCfg = Release|Win32
		{1A3DC877-6E8F-420E-B01C-29B996DD0C5B}.Release|Win32.Build.0 = Release|Win32
		{1A3DC877-6E8F-420E-B01C-29B996DD0C5B}.RelWithDebInfo|Win32.ActiveCfg = RelWithDebInfo|Win32
		{1A3DC877-6E8F-420E-B01C-29B996DD0C5B}.RelWithDebInfo|Win32.Build.0 = RelWithDebInfo|Win32
		{C30DF879-741A-43D7-8C71-2335B5795301}.Debug|Win32.ActiveCfg = Debug|Win32
		{C30DF879-741A-43D7-8C71-2335B5795301}.Debug|Win32.Build.0 = Debug|Win32
		{C30DF879-741A-43D7-8C71-2335B5795301}.MinSizeRel|Win32.ActiveCfg = MinSizeRel|Win32
		{C30DF879-741A-43D7-8C71-2335B5795301}.MinSizeRel|Win32.Build.0 = MinSizeRel|Win32
		{C30DF879-741A-43D7-8C71-2335B5795301}.Release|Win32.ActiveCfg = Release|Win32
		{C30DF879-741A-43D7-8C71-2335B5795301}.Release|Win32.Build.0 = Release|Win32
		{C30DF879-741A-43D7-8C71-2335B5795301}.RelWithDebInfo|Win32.ActiveCfg = RelWithDebInfo|Win32
		{C30DF879-741A-43D7-8C71-2335B5795301}.RelWithDebInfo|Win32.Build.0 = RelWithDebInfo|Win32
		{B1642D28-128A-4A12-BFB0-9643E733956F}.Debug|Win32.ActiveCfg = Debug|Win32
		{B1642D28-128A-4A12-BFB0-9643E733956F}.MinSizeRel|Win32.ActiveCfg = MinSizeRel|Win32
		{B1642D28-128A-4A12-BFB0-9643E733956F}.Release|Win32.ActiveCfg = Release|Win32
		{B1642D28-128A-4A12-BFB0-9643E733956F}.RelWithDebInfo|Win32.ActiveCfg = RelWithDebInfo|Win32
		{243E7756-F8B1-4E0F-B692-6810C524A64A}.Debug|Win32.ActiveCfg = Debug|Win32
		{243E7756-F8B1-4E0F-B692-6810C524A64A}.Debug|Win32.Build.0 = Debug|Win32
		{243E7756-F8B1-4E0F-B692-6810C524A64A}.MinSizeRel|Win32.ActiveCfg = Release|Win32
		{243E7756-F8B1-4E0F-B692-6810C524A64A}.MinSizeRel|Win32.Build.0 = Release|Win32
		{243E7756-F8B1-4E0F-B692-6810C524A64A}.Release|Win32.ActiveCfg = Release|Win32
		{243E7756-F8B1-4E0F-B692-6810C524A64A}.Release|Win32.Build.0 = Release|Win32
		{243E7756-F8B1-4E0F-B692-6810C524A64A}.RelWithDebInfo|Win32.ActiveCfg = Release|Win32
		{243E7756-F8B1-4E0F-B692-6810C524A64A}.RelWithDebInfo|Win32.Build.0 = Release|Win32
		{1D220F18-7F0E-4B45-A0F0-929B4B10A371}.Debug|Win32.ActiveCfg = Debug|Win32
		{1D220F18-7F0E-4B45-A0F0-929B4B10A371}.Debug|Win32.Build.0 = Debug|Win32
		{1D220F18-7F0E-4B45-A0F0-929B4B10A371}.MinSizeRel|Win32.ActiveCfg = Release|Win32
		{1D220F18-7F0E-4B45-A0F0-929B4B10A371}.MinSizeRel|Win32.Build.0 = Release|Win32
		{1D220F18-7F0E-4B45-A0F0-929B4B10A371}.Release|Win32.ActiveCfg = Release|Win32
		{1D220F18-7F0E-4B45-A0F0-929B4B10A371}.Release|Win32.Build.0 = Release|Win32
		{1D220F18-7F0E-4B45-A0F0-929B4B10A371}.RelWithDebInfo|Win32.ActiveCfg = Release|Win32
		{1D220F18-7F0E-4B45-A0F0-929B4B10A371}.RelWithDebInfo|Win32.Build.0 = Release|Win32
		{F5E25DBF-C710-446B-8EDE-D5F1D434BCBB}.Debug|Win32.ActiveCfg = Debug|Win32
		{F5E25DBF-C710-446B-8EDE-D5F1D434BCBB}.Debug|Win32.Build.0 = Debug|Win32
		{F5E25DBF-C710-446B-8EDE-D5F1D434BCBB}.MinSizeRel|Win32.ActiveCfg = Release|Win32
		{F5E25DBF-C710-446B-8EDE-D5F1D434BCBB}.MinSizeRel|Win32.Build.0 = Release|Win32
		{F5E25DBF-C710-446B-8EDE-D5F1D434BCBB}.Release|Win32.ActiveCfg = Release|Win32
		{F5E25DBF-C710-446B-8EDE-D5F1D434BCBB}.Release|Win32.Build.0 = Release|Win32
		{F5E25DBF-C710-446B-8EDE-D5F1D434BCBB}.RelWithDebInfo|Win32.ActiveCfg = Release|Win32
		{F5E25DBF-C710-446B-8EDE-D5F1D434BCBB}.RelWithDebInfo|Win32.Build.0 = Release|Win32
	EndGlobalSection
	GlobalSection(SolutionProperties) = preSolution
		HideSolutionNode = FALSE
	EndGlobalSection
EndGlobal
